
Microsoft Visual Studio Solution File, Format Version 12.00
# Visual Studio Version 17
VisualStudioVersion = 17.3.32929.385
MinimumVisualStudioVersion = 10.0.40219.1
Project("{9A19103F-16F7-4668-BE54-9A1E7A4F7556}") = "UdrugeWebApi", "UdrugeWebApi\UdrugeWebApi.csproj", "{A985CBE8-DD81-4038-9678-EFDE72EE72F2}"
EndProject
Project("{9A19103F-16F7-4668-BE54-9A1E7A4F7556}") = "UdrugeApp.Commons", "UdrugeApp.Commons\UdrugeApp.Commons.csproj", "{AC60167A-5FBD-4AB3-A38C-FC4D6C1C6536}"
EndProject
Project("{9A19103F-16F7-4668-BE54-9A1E7A4F7556}") = "UdrugeApp.Repositories", "UdrugeApp.Repositories\UdrugeApp.Repositories.csproj", "{858C3596-32C2-45D7-9D1F-CA3033B36FD6}"
EndProject
Project("{9A19103F-16F7-4668-BE54-9A1E7A4F7556}") = "UdrugeApp.Repositories.SqlServer", "UdrugeApp.Repositories.SqlServer\UdrugeApp.Repositories.SqlServer.csproj", "{8EAF9247-2050-46C0-9CDD-4B6482FF829B}"
EndProject
Project("{9A19103F-16F7-4668-BE54-9A1E7A4F7556}") = "UdrugeApp.DataAccess.SqlServer", "UdrugeApp.DataAccess.SqlServer\UdrugeApp.DataAccess.SqlServer.csproj", "{925ED85C-59BA-4D6B-B351-0F51AA5C964C}"
EndProject
Project("{9A19103F-16F7-4668-BE54-9A1E7A4F7556}") = "UdrugeApp.Domain", "UdrugeApp.Domain\UdrugeApp.Domain.csproj", "{A1BADC46-E734-4B4D-A465-2AAA0A8D6C44}"
EndProject
Project("{FAE04EC0-301F-11D3-BF4B-00C04F79EFBC}") = "UdrugeApp.Providers", "UdrugeApp.Providers\UdrugeApp.Providers.csproj", "{3CBDF429-BF20-459D-B5C5-FE43924E902A}"
EndProject
Global
	GlobalSection(SolutionConfigurationPlatforms) = preSolution
		Debug|Any CPU = Debug|Any CPU
		Release|Any CPU = Release|Any CPU
	EndGlobalSection
	GlobalSection(ProjectConfigurationPlatforms) = postSolution
		{A985CBE8-DD81-4038-9678-EFDE72EE72F2}.Debug|Any CPU.ActiveCfg = Debug|Any CPU
		{A985CBE8-DD81-4038-9678-EFDE72EE72F2}.Debug|Any CPU.Build.0 = Debug|Any CPU
		{A985CBE8-DD81-4038-9678-EFDE72EE72F2}.Release|Any CPU.ActiveCfg = Release|Any CPU
		{A985CBE8-DD81-4038-9678-EFDE72EE72F2}.Release|Any CPU.Build.0 = Release|Any CPU
		{AC60167A-5FBD-4AB3-A38C-FC4D6C1C6536}.Debug|Any CPU.ActiveCfg = Debug|Any CPU
		{AC60167A-5FBD-4AB3-A38C-FC4D6C1C6536}.Debug|Any CPU.Build.0 = Debug|Any CPU
		{AC60167A-5FBD-4AB3-A38C-FC4D6C1C6536}.Release|Any CPU.ActiveCfg = Release|Any CPU
		{AC60167A-5FBD-4AB3-A38C-FC4D6C1C6536}.Release|Any CPU.Build.0 = Release|Any CPU
		{858C3596-32C2-45D7-9D1F-CA3033B36FD6}.Debug|Any CPU.ActiveCfg = Debug|Any CPU
		{858C3596-32C2-45D7-9D1F-CA3033B36FD6}.Debug|Any CPU.Build.0 = Debug|Any CPU
		{858C3596-32C2-45D7-9D1F-CA3033B36FD6}.Release|Any CPU.ActiveCfg = Release|Any CPU
		{858C3596-32C2-45D7-9D1F-CA3033B36FD6}.Release|Any CPU.Build.0 = Release|Any CPU
		{8EAF9247-2050-46C0-9CDD-4B6482FF829B}.Debug|Any CPU.ActiveCfg = Debug|Any CPU
		{8EAF9247-2050-46C0-9CDD-4B6482FF829B}.Debug|Any CPU.Build.0 = Debug|Any CPU
		{8EAF9247-2050-46C0-9CDD-4B6482FF829B}.Release|Any CPU.ActiveCfg = Release|Any CPU
		{8EAF9247-2050-46C0-9CDD-4B6482FF829B}.Release|Any CPU.Build.0 = Release|Any CPU
		{925ED85C-59BA-4D6B-B351-0F51AA5C964C}.Debug|Any CPU.ActiveCfg = Debug|Any CPU
		{925ED85C-59BA-4D6B-B351-0F51AA5C964C}.Debug|Any CPU.Build.0 = Debug|Any CPU
		{925ED85C-59BA-4D6B-B351-0F51AA5C964C}.Release|Any CPU.ActiveCfg = Release|Any CPU
		{925ED85C-59BA-4D6B-B351-0F51AA5C964C}.Release|Any CPU.Build.0 = Release|Any CPU
		{A1BADC46-E734-4B4D-A465-2AAA0A8D6C44}.Debug|Any CPU.ActiveCfg = Debug|Any CPU
		{A1BADC46-E734-4B4D-A465-2AAA0A8D6C44}.Debug|Any CPU.Build.0 = Debug|Any CPU
		{A1BADC46-E734-4B4D-A465-2AAA0A8D6C44}.Release|Any CPU.ActiveCfg = Release|Any CPU
		{A1BADC46-E734-4B4D-A465-2AAA0A8D6C44}.Release|Any CPU.Build.0 = Release|Any CPU
		{3CBDF429-BF20-459D-B5C5-FE43924E902A}.Debug|Any CPU.ActiveCfg = Debug|Any CPU
		{3CBDF429-BF20-459D-B5C5-FE43924E902A}.Debug|Any CPU.Build.0 = Debug|Any CPU
		{3CBDF429-BF20-459D-B5C5-FE43924E902A}.Release|Any CPU.ActiveCfg = Release|Any CPU
		{3CBDF429-BF20-459D-B5C5-FE43924E902A}.Release|Any CPU.Build.0 = Release|Any CPU
	EndGlobalSection
	GlobalSection(SolutionProperties) = preSolution
		HideSolutionNode = FALSE
	EndGlobalSection
	GlobalSection(ExtensibilityGlobals) = postSolution
		SolutionGuid = {41DF5CC9-752C-4993-9CBB-771F0B78121F}
	EndGlobalSection
EndGlobal
